<Solution>
  <Project Path="OccaSoftware.Altos.Editor.csproj" />
  <Project Path="Assembly-CSharp.csproj" />
  <Project Path="Pinwheel.Polaris.Runtime.csproj" />
  <Project Path="Pinwheel.Polaris.Editor.csproj" />
  <Project Path="Assembly-CSharp-Editor.csproj" />
  <Project Path="OccaSoftware.Altos.Runtime.csproj" />
  <Project Path="OccaSoftware.Altos.Demo.csproj" />
  <Project Path="OccaSoftware.Altos.Shaders.csproj" />
  <Project Path="OccaSoftware.Altos.ShaderLibrary.csproj" />
  <Project Path="FlatKit.Utils.Editor.csproj" />
  <Project Path="Pinwheel.PolarisAPI.csproj" />
</Solution>
